
Microsoft Visual Studio Solution File, Format Version 12.00
# Visual Studio Version 16
VisualStudioVersion = 16.0.29806.167
MinimumVisualStudioVersion = 10.0.40219.1
Project("{FAE04EC0-301F-11D3-BF4B-00C04F79EFBC}") = "SpellTheNumber", "ConsoleApp4\SpellTheNumber.csproj", "{2DD08F17-CEE7-4FD1-B838-D63D6A84A54E}"
EndProject
Project("{FAE04EC0-301F-11D3-BF4B-00C04F79EFBC}") = "SpellTheNumber_TDD", "SpellTheNumber_TDD\SpellTheNumber_TDD.csproj", "{7024DEC8-15A2-4A46-BDC4-982BD114D5ED}"
EndProject
Global
	GlobalSection(SolutionConfigurationPlatforms) = preSolution
		Debug|Any CPU = Debug|Any CPU
		Release|Any CPU = Release|Any CPU
	EndGlobalSection
	GlobalSection(ProjectConfigurationPlatforms) = postSolution
		{2DD08F17-CEE7-4FD1-B838-D63D6A84A54E}.Debug|Any CPU.ActiveCfg = Debug|Any CPU
		{2DD08F17-CEE7-4FD1-B838-D63D6A84A54E}.Debug|Any CPU.Build.0 = Debug|Any CPU
		{2DD08F17-CEE7-4FD1-B838-D63D6A84A54E}.Release|Any CPU.ActiveCfg = Release|Any CPU
		{2DD08F17-CEE7-4FD1-B838-D63D6A84A54E}.Release|Any CPU.Build.0 = Release|Any CPU
		{7024DEC8-15A2-4A46-BDC4-982BD114D5ED}.Debug|Any CPU.ActiveCfg = Debug|Any CPU
		{7024DEC8-15A2-4A46-BDC4-982BD114D5ED}.Debug|Any CPU.Build.0 = Debug|Any CPU
		{7024DEC8-15A2-4A46-BDC4-982BD114D5ED}.Release|Any CPU.ActiveCfg = Release|Any CPU
		{7024DEC8-15A2-4A46-BDC4-982BD114D5ED}.Release|Any CPU.Build.0 = Release|Any CPU
	EndGlobalSection
	GlobalSection(SolutionProperties) = preSolution
		HideSolutionNode = FALSE
	EndGlobalSection
	GlobalSection(ExtensibilityGlobals) = postSolution
		SolutionGuid = {8CE43CC9-EA2E-4440-A88F-7A301077568D}
	EndGlobalSection
EndGlobal
